
Microsoft Visual Studio Solution File, Format Version 12.00
# Visual Studio Version 16
VisualStudioVersion = 16.0.32106.194
MinimumVisualStudioVersion = 10.0.40219.1
Project("{FAE04EC0-301F-11D3-BF4B-00C04F79EFBC}") = "TransformationWorkoutLogger", "TransformationWorkoutLogger\TransformationWorkoutLogger.csproj", "{32132559-95D2-4940-B1FB-3DAC8390B080}"
EndProject
Global
	GlobalSection(SolutionConfigurationPlatforms) = preSolution
		Debug|Any CPU = Debug|Any CPU
		Release|Any CPU = Release|Any CPU
	EndGlobalSection
	GlobalSection(ProjectConfigurationPlatforms) = postSolution
		{32132559-95D2-4940-B1FB-3DAC8390B080}.Debug|Any CPU.ActiveCfg = Debug|Any CPU
		{32132559-95D2-4940-B1FB-3DAC8390B080}.Debug|Any CPU.Build.0 = Debug|Any CPU
		{32132559-95D2-4940-B1FB-3DAC8390B080}.Release|Any CPU.ActiveCfg = Release|Any CPU
		{32132559-95D2-4940-B1FB-3DAC8390B080}.Release|Any CPU.Build.0 = Release|Any CPU
	EndGlobalSection
	GlobalSection(SolutionProperties) = preSolution
		HideSolutionNode = FALSE
	EndGlobalSection
	GlobalSection(ExtensibilityGlobals) = postSolution
		SolutionGuid = {4DD16767-B962-4784-AF5C-9C77696B89BA}
	EndGlobalSection
EndGlobal
